
Microsoft Visual Studio Solution File, Format Version 12.00
# Visual Studio Version 16
VisualStudioVersion = 16.0.30114.105
MinimumVisualStudioVersion = 10.0.40219.1
Project("{9A19103F-16F7-4668-BE54-9A1E7A4F7556}") = "WebMVC", "WebMVC\WebMVC.csproj", "{7C4D4DBC-FA33-41B6-AC71-72FEC94C650C}"
EndProject
Project("{2150E333-8FDC-42A3-9474-1A3956D46DE8}") = "Solution Items", "Solution Items", "{FAD6A917-1DC2-4E12-9035-9F5CB3A1EED3}"
	ProjectSection(SolutionItems) = preProject
		README.MD = README.MD
	EndProjectSection
EndProject
Global
	GlobalSection(SolutionConfigurationPlatforms) = preSolution
		Debug|Any CPU = Debug|Any CPU
		Release|Any CPU = Release|Any CPU
	EndGlobalSection
	GlobalSection(ProjectConfigurationPlatforms) = postSolution
		{7C4D4DBC-FA33-41B6-AC71-72FEC94C650C}.Debug|Any CPU.ActiveCfg = Debug|Any CPU
		{7C4D4DBC-FA33-41B6-AC71-72FEC94C650C}.Debug|Any CPU.Build.0 = Debug|Any CPU
		{7C4D4DBC-FA33-41B6-AC71-72FEC94C650C}.Release|Any CPU.ActiveCfg = Release|Any CPU
		{7C4D4DBC-FA33-41B6-AC71-72FEC94C650C}.Release|Any CPU.Build.0 = Release|Any CPU
	EndGlobalSection
	GlobalSection(SolutionProperties) = preSolution
		HideSolutionNode = FALSE
	EndGlobalSection
	GlobalSection(ExtensibilityGlobals) = postSolution
		SolutionGuid = {BA505FD7-9069-4F5E-9829-F94471CA08D2}
	EndGlobalSection
EndGlobal
